
Microsoft Visual Studio Solution File, Format Version 11.00
# Visual C++ Express 2010
Project("{8BC9CEB8-8B4A-11D0-8D11-00A0C91BC942}") = "MCsimLF", "MCsimLF\MCsimLF.vcxproj", "{416ECAA9-FBC6-4D59-AAA3-3651824D1699}"
EndProject
Global
	GlobalSection(SolutionConfigurationPlatforms) = preSolution
		Debug|Win32 = Debug|Win32
		Release|Win32 = Release|Win32
	EndGlobalSection
	GlobalSection(ProjectConfigurationPlatforms) = postSolution
		{416ECAA9-FBC6-4D59-AAA3-3651824D1699}.Debug|Win32.ActiveCfg = Debug|Win32
		{416ECAA9-FBC6-4D59-AAA3-3651824D1699}.Debug|Win32.Build.0 = Debug|Win32
		{416ECAA9-FBC6-4D59-AAA3-3651824D1699}.Release|Win32.ActiveCfg = Release|Win32
		{416ECAA9-FBC6-4D59-AAA3-3651824D1699}.Release|Win32.Build.0 = Release|Win32
	EndGlobalSection
	GlobalSection(SolutionProperties) = preSolution
		HideSolutionNode = FALSE
	EndGlobalSection
EndGlobal
